// !$*UTF8*$!
{
	archiveVersion = 1;
	classes = {
	};
	objectVersion = 46;
	objects = {

/* Begin PBXBuildFile section */
		3252023E1CFEDFC400CB20CF /* AppDelegate.swift in Sources */ = {isa = PBXBuildFile; fileRef = 3252023D1CFEDFC400CB20CF /* AppDelegate.swift */; };
		325202401CFEDFC400CB20CF /* ViewController.swift in Sources */ = {isa = PBXBuildFile; fileRef = 3252023F1CFEDFC400CB20CF /* ViewController.swift */; };
		325202431CFEDFC400CB20CF /* Main.storyboard in Resources */ = {isa = PBXBuildFile; fileRef = 325202411CFEDFC400CB20CF /* Main.storyboard */; };
		325202451CFEDFC400CB20CF /* Assets.xcassets in Resources */ = {isa = PBXBuildFile; fileRef = 325202441CFEDFC400CB20CF /* Assets.xcassets */; };
		325202481CFEDFC400CB20CF /* LaunchScreen.storyboard in Resources */ = {isa = PBXBuildFile; fileRef = 325202461CFEDFC400CB20CF /* LaunchScreen.storyboard */; };
		325202511CFEE03800CB20CF /* Action.swift in Sources */ = {isa = PBXBuildFile; fileRef = 325202501CFEE03800CB20CF /* Action.swift */; };
		325202531CFEE05700CB20CF /* UIView+Actions.swift in Sources */ = {isa = PBXBuildFile; fileRef = 325202521CFEE05700CB20CF /* UIView+Actions.swift */; };
		325202551CFEE13400CB20CF /* UIControl+Actions.swift in Sources */ = {isa = PBXBuildFile; fileRef = 325202541CFEE13400CB20CF /* UIControl+Actions.swift */; };
/* End PBXBuildFile section */

/* Begin PBXFileReference section */
		3252023A1CFEDFC400CB20CF /* actions.app */ = {isa = PBXFileReference; explicitFileType = wrapper.application; includeInIndex = 0; path = actions.app; sourceTree = BUILT_PRODUCTS_DIR; };
		3252023D1CFEDFC400CB20CF /* AppDelegate.swift */ = {isa = PBXFileReference; lastKnownFileType = sourcecode.swift; path = AppDelegate.swift; sourceTree = "<group>"; };
		3252023F1CFEDFC400CB20CF /* ViewController.swift */ = {isa = PBXFileReference; lastKnownFileType = sourcecode.swift; path = ViewController.swift; sourceTree = "<group>"; };
		325202421CFEDFC400CB20CF /* Base */ = {isa = PBXFileReference; lastKnownFileType = file.storyboard; name = Base; path = Base.lproj/Main.storyboard; sourceTree = "<group>"; };
		325202441CFEDFC400CB20CF /* Assets.xcassets */ = {isa = PBXFileReference; lastKnownFileType = folder.assetcatalog; path = Assets.xcassets; sourceTree = "<group>"; };
		325202471CFEDFC400CB20CF /* Base */ = {isa = PBXFileReference; lastKnownFileType = file.storyboard; name = Base; path = Base.lproj/LaunchScreen.storyboard; sourceTree = "<group>"; };
		325202491CFEDFC400CB20CF /* Info.plist */ = {isa = PBXFileReference; lastKnownFileType = text.plist.xml; path = Info.plist; sourceTree = "<group>"; };
		325202501CFEE03800CB20CF /* Action.swift */ = {isa = PBXFileReference; fileEncoding = 4; lastKnownFileType = sourcecode.swift; path = Action.swift; sourceTree = "<group>"; };
		325202521CFEE05700CB20CF /* UIView+Actions.swift */ = {isa = PBXFileReference; fileEncoding = 4; lastKnownFileType = sourcecode.swift; path = "UIView+Actions.swift"; sourceTree = "<group>"; };
		325202541CFEE13400CB20CF /* UIControl+Actions.swift */ = {isa = PBXFileReference; fileEncoding = 4; lastKnownFileType = sourcecode.swift; path = "UIControl+Actions.swift"; sourceTree = "<group>"; };
/* End PBXFileReference section */

/* Begin PBXFrameworksBuildPhase section */
		325202371CFEDFC400CB20CF /* Frameworks */ = {
			isa = PBXFrameworksBuildPhase;
			buildActionMask = 2147483647;
			files = (
			);
			runOnlyForDeploymentPostprocessing = 0;
		};
/* End PBXFrameworksBuildPhase section */

/* Begin PBXGroup section */
		325202311CFEDFC400CB20CF = {
			isa = PBXGroup;
			children = (
				3252023C1CFEDFC400CB20CF /* actions */,
				3252023B1CFEDFC400CB20CF /* Products */,
			);
			sourceTree = "<group>";
		};
		3252023B1CFEDFC400CB20CF /* Products */ = {
			isa = PBXGroup;
			children = (
				3252023A1CFEDFC400CB20CF /* actions.app */,
			);
			name = Products;
			sourceTree = "<group>";
		};
		3252023C1CFEDFC400CB20CF /* actions */ = {
			isa = PBXGroup;
			children = (
				3252023D1CFEDFC400CB20CF /* AppDelegate.swift */,
				3252023F1CFEDFC400CB20CF /* ViewController.swift */,
				325202411CFEDFC400CB20CF /* Main.storyboard */,
				3252024F1CFEE03200CB20CF /* targets */,
				325202441CFEDFC400CB20CF /* Assets.xcassets */,
				325202461CFEDFC400CB20CF /* LaunchScreen.storyboard */,
				325202491CFEDFC400CB20CF /* Info.plist */,
			);
			path = actions;
			sourceTree = "<group>";
		};
		3252024F1CFEE03200CB20CF /* targets */ = {
			isa = PBXGroup;
			children = (
				325202501CFEE03800CB20CF /* Action.swift */,
				325202521CFEE05700CB20CF /* UIView+Actions.swift */,
				325202541CFEE13400CB20CF /* UIControl+Actions.swift */,
			);
			path = targets;
			sourceTree = "<group>";
		};
/* End PBXGroup section */

/* Begin PBXNativeTarget section */
		325202391CFEDFC400CB20CF /* actions */ = {
			isa = PBXNativeTarget;
			buildConfigurationList = 3252024C1CFEDFC400CB20CF /* Build configuration list for PBXNativeTarget "actions" */;
			buildPhases = (
				325202361CFEDFC400CB20CF /* Sources */,
				325202371CFEDFC400CB20CF /* Frameworks */,
				325202381CFEDFC400CB20CF /* Resources */,
			);
			buildRules = (
			);
			dependencies = (
			);
			name = actions;
			productName = actions;
			productReference = 3252023A1CFEDFC400CB20CF /* actions.app */;
			productType = "com.apple.product-type.application";
		};
/* End PBXNativeTarget section */

/* Begin PBXProject section */
		325202321CFEDFC400CB20CF /* Project object */ = {
			isa = PBXProject;
			attributes = {
				LastSwiftUpdateCheck = 0730;
				LastUpgradeCheck = 0730;
				ORGANIZATIONNAME = manuege;
				TargetAttributes = {
					325202391CFEDFC400CB20CF = {
						CreatedOnToolsVersion = 7.3.1;
					};
				};
			};
			buildConfigurationList = 325202351CFEDFC400CB20CF /* Build configuration list for PBXProject "actions" */;
			compatibilityVersion = "Xcode 3.2";
			developmentRegion = English;
			hasScannedForEncodings = 0;
			knownRegions = (
				en,
				Base,
			);
			mainGroup = 325202311CFEDFC400CB20CF;
			productRefGroup = 3252023B1CFEDFC400CB20CF /* Products */;
			projectDirPath = "";
			projectRoot = "";
			targets = (
				325202391CFEDFC400CB20CF /* actions */,
			);
		};
/* End PBXProject section */

/* Begin PBXResourcesBuildPhase section */
		325202381CFEDFC400CB20CF /* Resources */ = {
			isa = PBXResourcesBuildPhase;
			buildActionMask = 2147483647;
			files = (
				325202481CFEDFC400CB20CF /* LaunchScreen.storyboard in Resources */,
				325202451CFEDFC400CB20CF /* Assets.xcassets in Resources */,
				325202431CFEDFC400CB20CF /* Main.storyboard in Resources */,
			);
			runOnlyForDeploymentPostprocessing = 0;
		};
/* End PBXResourcesBuildPhase section */

/* Begin PBXSourcesBuildPhase section */
		325202361CFEDFC400CB20CF /* Sources */ = {
			isa = PBXSourcesBuildPhase;
			buildActionMask = 2147483647;
			files = (
				325202531CFEE05700CB20CF /* UIView+Actions.swift in Sources */,
				325202401CFEDFC400CB20CF /* ViewController.swift in Sources */,
				325202511CFEE03800CB20CF /* Action.swift in Sources */,
				325202551CFEE13400CB20CF /* UIControl+Actions.swift in Sources */,
				3252023E1CFEDFC400CB20CF /* AppDelegate.swift in Sources */,
			);
			runOnlyForDeploymentPostprocessing = 0;
		};
/* End PBXSourcesBuildPhase section */

/* Begin PBXVariantGroup section */
		325202411CFEDFC400CB20CF /* Main.storyboard */ = {
			isa = PBXVariantGroup;
			children = (
				325202421CFEDFC400CB20CF /* Base */,
			);
			name = Main.storyboard;
			sourceTree = "<group>";
		};
		325202461CFEDFC400CB20CF /* LaunchScreen.storyboard */ = {
			isa = PBXVariantGroup;
			children = (
				325202471CFEDFC400CB20CF /* Base */,
			);
			name = LaunchScreen.storyboard;
			sourceTree = "<group>";
		};
/* End PBXVariantGroup section */

/* Begin XCBuildConfiguration section */
		3252024A1CFEDFC400CB20CF /* Debug */ = {
			isa = XCBuildConfiguration;
			buildSettings = {
				ALWAYS_SEARCH_USER_PATHS = NO;
				CLANG_ANALYZER_NONNULL = YES;
				CLANG_CXX_LANGUAGE_STANDARD = "gnu++0x";
				CLANG_CXX_LIBRARY = "libc++";
				CLANG_ENABLE_MODULES = YES;
				CLANG_ENABLE_OBJC_ARC = YES;
				CLANG_WARN_BOOL_CONVERSION = YES;
				CLANG_WARN_CONSTANT_CONVERSION = YES;
				CLANG_WARN_DIRECT_OBJC_ISA_USAGE = YES_ERROR;
				CLANG_WARN_EMPTY_BODY = YES;
				CLANG_WARN_ENUM_CONVERSION = YES;
				CLANG_WARN_INT_CONVERSION = YES;
				CLANG_WARN_OBJC_ROOT_CLASS = YES_ERROR;
				CLANG_WARN_UNREACHABLE_CODE = YES;
				CLANG_WARN__DUPLICATE_METHOD_MATCH = YES;
				"CODE_SIGN_IDENTITY[sdk=iphoneos*]" = "iPhone Developer";
				COPY_PHASE_STRIP = NO;
				DEBUG_INFORMATION_FORMAT = dwarf;
				ENABLE_STRICT_OBJC_MSGSEND = YES;
				ENABLE_TESTABILITY = YES;
				GCC_C_LANGUAGE_STANDARD = gnu99;
				GCC_DYNAMIC_NO_PIC = NO;
				GCC_NO_COMMON_BLOCKS = YES;
				GCC_OPTIMIZATION_LEVEL = 0;
				GCC_PREPROCESSOR_DEFINITIONS = (
					"DEBUG=1",
					"$(inherited)",
				);
				GCC_WARN_64_TO_32_BIT_CONVERSION = YES;
				GCC_WARN_ABOUT_RETURN_TYPE = YES_ERROR;
				GCC_WARN_UNDECLARED_SELECTOR = YES;
				GCC_WARN_UNINITIALIZED_AUTOS = YES_AGGRESSIVE;
				GCC_WARN_UNUSED_FUNCTION = YES;
				GCC_WARN_UNUSED_VARIABLE = YES;
				IPHONEOS_DEPLOYMENT_TARGET = 9.3;
				MTL_ENABLE_DEBUG_INFO = YES;
				ONLY_ACTIVE_ARCH = YES;
				SDKROOT = iphoneos;
				SWIFT_OPTIMIZATION_LEVEL = "-Onone";
			};
			name = Debug;
		};
		3252024B1CFEDFC400CB20CF /* Release */ = {
			isa = XCBuildConfiguration;
			buildSettings = {
				ALWAYS_SEARCH_USER_PATHS = NO;
				CLANG_ANALYZER_NONNULL = YES;
				CLANG_CXX_LANGUAGE_STANDARD = "gnu++0x";
				CLANG_CXX_LIBRARY = "libc++";
				CLANG_ENABLE_MODULES = YES;
				CLANG_ENABLE_OBJC_ARC = YES;
				CLANG_WARN_BOOL_CONVERSION = YES;
				CLANG_WARN_CONSTANT_CONVERSION = YES;
				CLANG_WARN_DIRECT_OBJC_ISA_USAGE = YES_ERROR;
				CLANG_WARN_EMPTY_BODY = YES;
				CLANG_WARN_ENUM_CONVERSION = YES;
				CLANG_WARN_INT_CONVERSION = YES;
				CLANG_WARN_OBJC_ROOT_CLASS = YES_ERROR;
				CLANG_WARN_UNREACHABLE_CODE = YES;
				CLANG_WARN__DUPLICATE_METHOD_MATCH = YES;
				"CODE_SIGN_IDENTITY[sdk=iphoneos*]" = "iPhone Developer";
				COPY_PHASE_STRIP = NO;
				DEBUG_INFORMATION_FORMAT = "dwarf-with-dsym";
				ENABLE_NS_ASSERTIONS = NO;
				ENABLE_STRICT_OBJC_MSGSEND = YES;
				GCC_C_LANGUAGE_STANDARD = gnu99;
				GCC_NO_COMMON_BLOCKS = YES;
				GCC_WARN_64_TO_32_BIT_CONVERSION = YES;
				GCC_WARN_ABOUT_RETURN_TYPE = YES_ERROR;
				GCC_WARN_UNDECLARED_SELECTOR = YES;
				GCC_WARN_UNINITIALIZED_AUTOS = YES_AGGRESSIVE;
				GCC_WARN_UNUSED_FUNCTION = YES;
				GCC_WARN_UNUSED_VARIABLE = YES;
				IPHONEOS_DEPLOYMENT_TARGET = 9.3;
				MTL_ENABLE_DEBUG_INFO = NO;
				SDKROOT = iphoneos;
				VALIDATE_PRODUCT = YES;
			};
			name = Release;
		};
		3252024D1CFEDFC400CB20CF /* Debug */ = {
			isa = XCBuildConfiguration;
			buildSettings = {
				ASSETCATALOG_COMPILER_APPICON_NAME = AppIcon;
				INFOPLIST_FILE = actions/Info.plist;
				LD_RUNPATH_SEARCH_PATHS = "$(inherited) @executable_path/Frameworks";
				PRODUCT_BUNDLE_IDENTIFIER = com.manuege.actions;
				PRODUCT_NAME = "$(TARGET_NAME)";
			};
			name = Debug;
		};
		3252024E1CFEDFC400CB20CF /* Release */ = {
			isa = XCBuildConfiguration;
			buildSettings = {
				ASSETCATALOG_COMPILER_APPICON_NAME = AppIcon;
				INFOPLIST_FILE = actions/Info.plist;
				LD_RUNPATH_SEARCH_PATHS = "$(inherited) @executable_path/Frameworks";
				PRODUCT_BUNDLE_IDENTIFIER = com.manuege.actions;
				PRODUCT_NAME = "$(TARGET_NAME)";
			};
			name = Release;
		};
/* End XCBuildConfiguration section */

/* Begin XCConfigurationList section */
		325202351CFEDFC400CB20CF /* Build configuration list for PBXProject "actions" */ = {
			isa = XCConfigurationList;
			buildConfigurations = (
				3252024A1CFEDFC400CB20CF /* Debug */,
				3252024B1CFEDFC400CB20CF /* Release */,
			);
			defaultConfigurationIsVisible = 0;
			defaultConfigurationName = Release;
		};
		3252024C1CFEDFC400CB20CF /* Build configuration list for PBXNativeTarget "actions" */ = {
			isa = XCConfigurationList;
			buildConfigurations = (
				3252024D1CFEDFC400CB20CF /* Debug */,
				3252024E1CFEDFC400CB20CF /* Release */,
			);
			defaultConfigurationIsVisible = 0;
		};
/* End XCConfigurationList section */
	};
	rootObject = 325202321CFEDFC400CB20CF /* Project object */;
}
